
Microsoft Visual Studio Solution File, Format Version 12.00
# Visual Studio 15
VisualStudioVersion = 15.0.27703.2042
MinimumVisualStudioVersion = 10.0.40219.1
Project("{8BC9CEB8-8B4A-11D0-8D11-00A0C91BC942}") = "Ch01", "Ch01\Ch01.vcxproj", "{053BBBBC-6D6F-457E-9391-A18D39B9B200}"
EndProject
Project("{8BC9CEB8-8B4A-11D0-8D11-00A0C91BC942}") = "max3", "max3\max3.vcxproj", "{1E9145A1-1290-4819-8BBD-69509E6FFDA8}"
EndProject
Project("{8BC9CEB8-8B4A-11D0-8D11-00A0C91BC942}") = "max3comb", "max3comb\max3comb.vcxproj", "{582CBBB7-7A39-4645-97C0-0510F190A3C1}"
EndProject
Project("{8BC9CEB8-8B4A-11D0-8D11-00A0C91BC942}") = "max4", "max4\max4.vcxproj", "{EFCEF4F9-C552-424C-8675-8B0ECC5E6258}"
EndProject
Project("{8BC9CEB8-8B4A-11D0-8D11-00A0C91BC942}") = "1C_1", "1C_1\1C_1.vcxproj", "{51350E42-F1B7-4F60-9D03-1C91AB2BC8F0}"
EndProject
Project("{8BC9CEB8-8B4A-11D0-8D11-00A0C91BC942}") = "Q4_Q5", "Q4_Q5\Q4_Q5.vcxproj", "{BC094D57-CD02-4891-8043-F453CD47A49A}"
EndProject
Project("{8BC9CEB8-8B4A-11D0-8D11-00A0C91BC942}") = "sign", "sign\sign.vcxproj", "{1E3624C7-B117-4A4F-8C17-AF63C83E80B5}"
EndProject
Project("{8BC9CEB8-8B4A-11D0-8D11-00A0C91BC942}") = "if123a", "if123a\if123a.vcxproj", "{D5737BFB-7B9D-4299-95F3-46DA3E51BEF7}"
EndProject
Project("{8BC9CEB8-8B4A-11D0-8D11-00A0C91BC942}") = "if123b", "if123b\if123b.vcxproj", "{CDB73C32-BD98-4123-9C23-E973A3415805}"
EndProject
Project("{8BC9CEB8-8B4A-11D0-8D11-00A0C91BC942}") = "Q6", "Q6\Q6.vcxproj", "{1857CBD5-A0AC-4EC5-B72D-D91AF7CC5F00}"
EndProject
Project("{8BC9CEB8-8B4A-11D0-8D11-00A0C91BC942}") = "Q7_Q8_Q9", "Q7_Q8_Q9\Q7_Q8_Q9.vcxproj", "{89DE7727-C7A5-4E6B-B174-BE3E4E00688A}"
EndProject
Project("{8BC9CEB8-8B4A-11D0-8D11-00A0C91BC942}") = "Q10", "Q10\Q10.vcxproj", "{B5F3A3FA-490B-4E9A-8A37-60C083CE38D3}"
EndProject
Project("{8BC9CEB8-8B4A-11D0-8D11-00A0C91BC942}") = "Q11", "Q11\Q11.vcxproj", "{3A82FD2B-C83C-4F7E-98FA-4B7D099314BF}"
EndProject
Project("{8BC9CEB8-8B4A-11D0-8D11-00A0C91BC942}") = "Q12", "Q12\Q12.vcxproj", "{5F5FF2EC-254F-4E27-9B88-5B12C17F5BD1}"
EndProject
Project("{8BC9CEB8-8B4A-11D0-8D11-00A0C91BC942}") = "Q13", "Q13\Q13.vcxproj", "{18FE4237-EE12-440A-BCB8-746385FF19A5}"
EndProject
Project("{8BC9CEB8-8B4A-11D0-8D11-00A0C91BC942}") = "Q14", "Q14\Q14.vcxproj", "{EFF9D221-8796-4AF4-8EA6-FCD4EF83A935}"
EndProject
Project("{8BC9CEB8-8B4A-11D0-8D11-00A0C91BC942}") = "Q15", "Q15\Q15.vcxproj", "{286F8C5B-A90A-4571-985A-240563FE3DD4}"
EndProject
Project("{8BC9CEB8-8B4A-11D0-8D11-00A0C91BC942}") = "Q16", "Q16\Q16.vcxproj", "{16AD7B27-3CC9-44EF-837A-73B874FB27AA}"
EndProject
Project("{8BC9CEB8-8B4A-11D0-8D11-00A0C91BC942}") = "Q17", "Q17\Q17.vcxproj", "{BB78A613-5350-4DD7-B3E3-1732F464B6D7}"
EndProject
Project("{8BC9CEB8-8B4A-11D0-8D11-00A0C91BC942}") = "Q18", "Q18\Q18.vcxproj", "{4062FCF2-1C29-4876-A768-8A7DF1395223}"
EndProject
Global
	GlobalSection(SolutionConfigurationPlatforms) = preSolution
		Debug|x64 = Debug|x64
		Debug|x86 = Debug|x86
		Release|x64 = Release|x64
		Release|x86 = Release|x86
	EndGlobalSection
	GlobalSection(ProjectConfigurationPlatforms) = postSolution
		{053BBBBC-6D6F-457E-9391-A18D39B9B200}.Debug|x64.ActiveCfg = Debug|x64
		{053BBBBC-6D6F-457E-9391-A18D39B9B200}.Debug|x64.Build.0 = Debug|x64
		{053BBBBC-6D6F-457E-9391-A18D39B9B200}.Debug|x86.ActiveCfg = Debug|Win32
		{053BBBBC-6D6F-457E-9391-A18D39B9B200}.Debug|x86.Build.0 = Debug|Win32
		{053BBBBC-6D6F-457E-9391-A18D39B9B200}.Release|x64.ActiveCfg = Release|x64
		{053BBBBC-6D6F-457E-9391-A18D39B9B200}.Release|x64.Build.0 = Release|x64
		{053BBBBC-6D6F-457E-9391-A18D39B9B200}.Release|x86.ActiveCfg = Release|Win32
		{053BBBBC-6D6F-457E-9391-A18D39B9B200}.Release|x86.Build.0 = Release|Win32
		{1E9145A1-1290-4819-8BBD-69509E6FFDA8}.Debug|x64.ActiveCfg = Debug|x64
		{1E9145A1-1290-4819-8BBD-69509E6FFDA8}.Debug|x64.Build.0 = Debug|x64
		{1E9145A1-1290-4819-8BBD-69509E6FFDA8}.Debug|x86.ActiveCfg = Debug|Win32
		{1E9145A1-1290-4819-8BBD-69509E6FFDA8}.Debug|x86.Build.0 = Debug|Win32
		{1E9145A1-1290-4819-8BBD-69509E6FFDA8}.Release|x64.ActiveCfg = Release|x64
		{1E9145A1-1290-4819-8BBD-69509E6FFDA8}.Release|x64.Build.0 = Release|x64
		{1E9145A1-1290-4819-8BBD-69509E6FFDA8}.Release|x86.ActiveCfg = Release|Win32
		{1E9145A1-1290-4819-8BBD-69509E6FFDA8}.Release|x86.Build.0 = Release|Win32
		{582CBBB7-7A39-4645-97C0-0510F190A3C1}.Debug|x64.ActiveCfg = Debug|x64
		{582CBBB7-7A39-4645-97C0-0510F190A3C1}.Debug|x64.Build.0 = Debug|x64
		{582CBBB7-7A39-4645-97C0-0510F190A3C1}.Debug|x86.ActiveCfg = Debug|Win32
		{582CBBB7-7A39-4645-97C0-0510F190A3C1}.Debug|x86.Build.0 = Debug|Win32
		{582CBBB7-7A39-4645-97C0-0510F190A3C1}.Release|x64.ActiveCfg = Release|x64
		{582CBBB7-7A39-4645-97C0-0510F190A3C1}.Release|x64.Build.0 = Release|x64
		{582CBBB7-7A39-4645-97C0-0510F190A3C1}.Release|x86.ActiveCfg = Release|Win32
		{582CBBB7-7A39-4645-97C0-0510F190A3C1}.Release|x86.Build.0 = Release|Win32
		{EFCEF4F9-C552-424C-8675-8B0ECC5E6258}.Debug|x64.ActiveCfg = Debug|x64
		{EFCEF4F9-C552-424C-8675-8B0ECC5E6258}.Debug|x64.Build.0 = Debug|x64
		{EFCEF4F9-C552-424C-8675-8B0ECC5E6258}.Debug|x86.ActiveCfg = Debug|Win32
		{EFCEF4F9-C552-424C-8675-8B0ECC5E6258}.Debug|x86.Build.0 = Debug|Win32
		{EFCEF4F9-C552-424C-8675-8B0ECC5E6258}.Release|x64.ActiveCfg = Release|x64
		{EFCEF4F9-C552-424C-8675-8B0ECC5E6258}.Release|x64.Build.0 = Release|x64
		{EFCEF4F9-C552-424C-8675-8B0ECC5E6258}.Release|x86.ActiveCfg = Release|Win32
		{EFCEF4F9-C552-424C-8675-8B0ECC5E6258}.Release|x86.Build.0 = Release|Win32
		{51350E42-F1B7-4F60-9D03-1C91AB2BC8F0}.Debug|x64.ActiveCfg = Debug|x64
		{51350E42-F1B7-4F60-9D03-1C91AB2BC8F0}.Debug|x64.Build.0 = Debug|x64
		{51350E42-F1B7-4F60-9D03-1C91AB2BC8F0}.Debug|x86.ActiveCfg = Debug|Win32
		{51350E42-F1B7-4F60-9D03-1C91AB2BC8F0}.Debug|x86.Build.0 = Debug|Win32
		{51350E42-F1B7-4F60-9D03-1C91AB2BC8F0}.Release|x64.ActiveCfg = Release|x64
		{51350E42-F1B7-4F60-9D03-1C91AB2BC8F0}.Release|x64.Build.0 = Release|x64
		{51350E42-F1B7-4F60-9D03-1C91AB2BC8F0}.Release|x86.ActiveCfg = Release|Win32
		{51350E42-F1B7-4F60-9D03-1C91AB2BC8F0}.Release|x86.Build.0 = Release|Win32
		{BC094D57-CD02-4891-8043-F453CD47A49A}.Debug|x64.ActiveCfg = Debug|x64
		{BC094D57-CD02-4891-8043-F453CD47A49A}.Debug|x64.Build.0 = Debug|x64
		{BC094D57-CD02-4891-8043-F453CD47A49A}.Debug|x86.ActiveCfg = Debug|Win32
		{BC094D57-CD02-4891-8043-F453CD47A49A}.Debug|x86.Build.0 = Debug|Win32
		{BC094D57-CD02-4891-8043-F453CD47A49A}.Release|x64.ActiveCfg = Release|x64
		{BC094D57-CD02-4891-8043-F453CD47A49A}.Release|x64.Build.0 = Release|x64
		{BC094D57-CD02-4891-8043-F453CD47A49A}.Release|x86.ActiveCfg = Release|Win32
		{BC094D57-CD02-4891-8043-F453CD47A49A}.Release|x86.Build.0 = Release|Win32
		{1E3624C7-B117-4A4F-8C17-AF63C83E80B5}.Debug|x64.ActiveCfg = Debug|x64
		{1E3624C7-B117-4A4F-8C17-AF63C83E80B5}.Debug|x64.Build.0 = Debug|x64
		{1E3624C7-B117-4A4F-8C17-AF63C83E80B5}.Debug|x86.ActiveCfg = Debug|Win32
		{1E3624C7-B117-4A4F-8C17-AF63C83E80B5}.Debug|x86.Build.0 = Debug|Win32
		{1E3624C7-B117-4A4F-8C17-AF63C83E80B5}.Release|x64.ActiveCfg = Release|x64
		{1E3624C7-B117-4A4F-8C17-AF63C83E80B5}.Release|x64.Build.0 = Release|x64
		{1E3624C7-B117-4A4F-8C17-AF63C83E80B5}.Release|x86.ActiveCfg = Release|Win32
		{1E3624C7-B117-4A4F-8C17-AF63C83E80B5}.Release|x86.Build.0 = Release|Win32
		{D5737BFB-7B9D-4299-95F3-46DA3E51BEF7}.Debug|x64.ActiveCfg = Debug|x64
		{D5737BFB-7B9D-4299-95F3-46DA3E51BEF7}.Debug|x64.Build.0 = Debug|x64
		{D5737BFB-7B9D-4299-95F3-46DA3E51BEF7}.Debug|x86.ActiveCfg = Debug|Win32
		{D5737BFB-7B9D-4299-95F3-46DA3E51BEF7}.Debug|x86.Build.0 = Debug|Win32
		{D5737BFB-7B9D-4299-95F3-46DA3E51BEF7}.Release|x64.ActiveCfg = Release|x64
		{D5737BFB-7B9D-4299-95F3-46DA3E51BEF7}.Release|x64.Build.0 = Release|x64
		{D5737BFB-7B9D-4299-95F3-46DA3E51BEF7}.Release|x86.ActiveCfg = Release|Win32
		{D5737BFB-7B9D-4299-95F3-46DA3E51BEF7}.Release|x86.Build.0 = Release|Win32
		{CDB73C32-BD98-4123-9C23-E973A3415805}.Debug|x64.ActiveCfg = Debug|x64
		{CDB73C32-BD98-4123-9C23-E973A3415805}.Debug|x64.Build.0 = Debug|x64
		{CDB73C32-BD98-4123-9C23-E973A3415805}.Debug|x86.ActiveCfg = Debug|Win32
		{CDB73C32-BD98-4123-9C23-E973A3415805}.Debug|x86.Build.0 = Debug|Win32
		{CDB73C32-BD98-4123-9C23-E973A3415805}.Release|x64.ActiveCfg = Release|x64
		{CDB73C32-BD98-4123-9C23-E973A3415805}.Release|x64.Build.0 = Release|x64
		{CDB73C32-BD98-4123-9C23-E973A3415805}.Release|x86.ActiveCfg = Release|Win32
		{CDB73C32-BD98-4123-9C23-E973A3415805}.Release|x86.Build.0 = Release|Win32
		{1857CBD5-A0AC-4EC5-B72D-D91AF7CC5F00}.Debug|x64.ActiveCfg = Debug|x64
		{1857CBD5-A0AC-4EC5-B72D-D91AF7CC5F00}.Debug|x64.Build.0 = Debug|x64
		{1857CBD5-A0AC-4EC5-B72D-D91AF7CC5F00}.Debug|x86.ActiveCfg = Debug|Win32
		{1857CBD5-A0AC-4EC5-B72D-D91AF7CC5F00}.Debug|x86.Build.0 = Debug|Win32
		{1857CBD5-A0AC-4EC5-B72D-D91AF7CC5F00}.Release|x64.ActiveCfg = Release|x64
		{1857CBD5-A0AC-4EC5-B72D-D91AF7CC5F00}.Release|x64.Build.0 = Release|x64
		{1857CBD5-A0AC-4EC5-B72D-D91AF7CC5F00}.Release|x86.ActiveCfg = Release|Win32
		{1857CBD5-A0AC-4EC5-B72D-D91AF7CC5F00}.Release|x86.Build.0 = Release|Win32
		{89DE7727-C7A5-4E6B-B174-BE3E4E00688A}.Debug|x64.ActiveCfg = Debug|x64
		{89DE7727-C7A5-4E6B-B174-BE3E4E00688A}.Debug|x64.Build.0 = Debug|x64
		{89DE7727-C7A5-4E6B-B174-BE3E4E00688A}.Debug|x86.ActiveCfg = Debug|Win32
		{89DE7727-C7A5-4E6B-B174-BE3E4E00688A}.Debug|x86.Build.0 = Debug|Win32
		{89DE7727-C7A5-4E6B-B174-BE3E4E00688A}.Release|x64.ActiveCfg = Release|x64
		{89DE7727-C7A5-4E6B-B174-BE3E4E00688A}.Release|x64.Build.0 = Release|x64
		{89DE7727-C7A5-4E6B-B174-BE3E4E00688A}.Release|x86.ActiveCfg = Release|Win32
		{89DE7727-C7A5-4E6B-B174-BE3E4E00688A}.Release|x86.Build.0 = Release|Win32
		{B5F3A3FA-490B-4E9A-8A37-60C083CE38D3}.Debug|x64.ActiveCfg = Debug|x64
		{B5F3A3FA-490B-4E9A-8A37-60C083CE38D3}.Debug|x64.Build.0 = Debug|x64
		{B5F3A3FA-490B-4E9A-8A37-60C083CE38D3}.Debug|x86.ActiveCfg = Debug|Win32
		{B5F3A3FA-490B-4E9A-8A37-60C083CE38D3}.Debug|x86.Build.0 = Debug|Win32
		{B5F3A3FA-490B-4E9A-8A37-60C083CE38D3}.Release|x64.ActiveCfg = Release|x64
		{B5F3A3FA-490B-4E9A-8A37-60C083CE38D3}.Release|x64.Build.0 = Release|x64
		{B5F3A3FA-490B-4E9A-8A37-60C083CE38D3}.Release|x86.ActiveCfg = Release|Win32
		{B5F3A3FA-490B-4E9A-8A37-60C083CE38D3}.Release|x86.Build.0 = Release|Win32
		{3A82FD2B-C83C-4F7E-98FA-4B7D099314BF}.Debug|x64.ActiveCfg = Debug|x64
		{3A82FD2B-C83C-4F7E-98FA-4B7D099314BF}.Debug|x64.Build.0 = Debug|x64
		{3A82FD2B-C83C-4F7E-98FA-4B7D099314BF}.Debug|x86.ActiveCfg = Debug|Win32
		{3A82FD2B-C83C-4F7E-98FA-4B7D099314BF}.Debug|x86.Build.0 = Debug|Win32
		{3A82FD2B-C83C-4F7E-98FA-4B7D099314BF}.Release|x64.ActiveCfg = Release|x64
		{3A82FD2B-C83C-4F7E-98FA-4B7D099314BF}.Release|x64.Build.0 = Release|x64
		{3A82FD2B-C83C-4F7E-98FA-4B7D099314BF}.Release|x86.ActiveCfg = Release|Win32
		{3A82FD2B-C83C-4F7E-98FA-4B7D099314BF}.Release|x86.Build.0 = Release|Win32
		{5F5FF2EC-254F-4E27-9B88-5B12C17F5BD1}.Debug|x64.ActiveCfg = Debug|x64
		{5F5FF2EC-254F-4E27-9B88-5B12C17F5BD1}.Debug|x64.Build.0 = Debug|x64
		{5F5FF2EC-254F-4E27-9B88-5B12C17F5BD1}.Debug|x86.ActiveCfg = Debug|Win32
		{5F5FF2EC-254F-4E27-9B88-5B12C17F5BD1}.Debug|x86.Build.0 = Debug|Win32
		{5F5FF2EC-254F-4E27-9B88-5B12C17F5BD1}.Release|x64.ActiveCfg = Release|x64
		{5F5FF2EC-254F-4E27-9B88-5B12C17F5BD1}.Release|x64.Build.0 = Release|x64
		{5F5FF2EC-254F-4E27-9B88-5B12C17F5BD1}.Release|x86.ActiveCfg = Release|Win32
		{5F5FF2EC-254F-4E27-9B88-5B12C17F5BD1}.Release|x86.Build.0 = Release|Win32
		{18FE4237-EE12-440A-BCB8-746385FF19A5}.Debug|x64.ActiveCfg = Debug|x64
		{18FE4237-EE12-440A-BCB8-746385FF19A5}.Debug|x64.Build.0 = Debug|x64
		{18FE4237-EE12-440A-BCB8-746385FF19A5}.Debug|x86.ActiveCfg = Debug|Win32
		{18FE4237-EE12-440A-BCB8-746385FF19A5}.Debug|x86.Build.0 = Debug|Win32
		{18FE4237-EE12-440A-BCB8-746385FF19A5}.Release|x64.ActiveCfg = Release|x64
		{18FE4237-EE12-440A-BCB8-746385FF19A5}.Release|x64.Build.0 = Release|x64
		{18FE4237-EE12-440A-BCB8-746385FF19A5}.Release|x86.ActiveCfg = Release|Win32
		{18FE4237-EE12-440A-BCB8-746385FF19A5}.Release|x86.Build.0 = Release|Win32
		{EFF9D221-8796-4AF4-8EA6-FCD4EF83A935}.Debug|x64.ActiveCfg = Debug|x64
		{EFF9D221-8796-4AF4-8EA6-FCD4EF83A935}.Debug|x64.Build.0 = Debug|x64
		{EFF9D221-8796-4AF4-8EA6-FCD4EF83A935}.Debug|x86.ActiveCfg = Debug|Win32
		{EFF9D221-8796-4AF4-8EA6-FCD4EF83A935}.Debug|x86.Build.0 = Debug|Win32
		{EFF9D221-8796-4AF4-8EA6-FCD4EF83A935}.Release|x64.ActiveCfg = Release|x64
		{EFF9D221-8796-4AF4-8EA6-FCD4EF83A935}.Release|x64.Build.0 = Release|x64
		{EFF9D221-8796-4AF4-8EA6-FCD4EF83A935}.Release|x86.ActiveCfg = Release|Win32
		{EFF9D221-8796-4AF4-8EA6-FCD4EF83A935}.Release|x86.Build.0 = Release|Win32
		{286F8C5B-A90A-4571-985A-240563FE3DD4}.Debug|x64.ActiveCfg = Debug|x64
		{286F8C5B-A90A-4571-985A-240563FE3DD4}.Debug|x64.Build.0 = Debug|x64
		{286F8C5B-A90A-4571-985A-240563FE3DD4}.Debug|x86.ActiveCfg = Debug|Win32
		{286F8C5B-A90A-4571-985A-240563FE3DD4}.Debug|x86.Build.0 = Debug|Win32
		{286F8C5B-A90A-4571-985A-240563FE3DD4}.Release|x64.ActiveCfg = Release|x64
		{286F8C5B-A90A-4571-985A-240563FE3DD4}.Release|x64.Build.0 = Release|x64
		{286F8C5B-A90A-4571-985A-240563FE3DD4}.Release|x86.ActiveCfg = Release|Win32
		{286F8C5B-A90A-4571-985A-240563FE3DD4}.Release|x86.Build.0 = Release|Win32
		{16AD7B27-3CC9-44EF-837A-73B874FB27AA}.Debug|x64.ActiveCfg = Debug|x64
		{16AD7B27-3CC9-44EF-837A-73B874FB27AA}.Debug|x64.Build.0 = Debug|x64
		{16AD7B27-3CC9-44EF-837A-73B874FB27AA}.Debug|x86.ActiveCfg = Debug|Win32
		{16AD7B27-3CC9-44EF-837A-73B874FB27AA}.Debug|x86.Build.0 = Debug|Win32
		{16AD7B27-3CC9-44EF-837A-73B874FB27AA}.Release|x64.ActiveCfg = Release|x64
		{16AD7B27-3CC9-44EF-837A-73B874FB27AA}.Release|x64.Build.0 = Release|x64
		{16AD7B27-3CC9-44EF-837A-73B874FB27AA}.Release|x86.ActiveCfg = Release|Win32
		{16AD7B27-3CC9-44EF-837A-73B874FB27AA}.Release|x86.Build.0 = Release|Win32
		{BB78A613-5350-4DD7-B3E3-1732F464B6D7}.Debug|x64.ActiveCfg = Debug|x64
		{BB78A613-5350-4DD7-B3E3-1732F464B6D7}.Debug|x64.Build.0 = Debug|x64
		{BB78A613-5350-4DD7-B3E3-1732F464B6D7}.Debug|x86.ActiveCfg = Debug|Win32
		{BB78A613-5350-4DD7-B3E3-1732F464B6D7}.Debug|x86.Build.0 = Debug|Win32
		{BB78A613-5350-4DD7-B3E3-1732F464B6D7}.Release|x64.ActiveCfg = Release|x64
		{BB78A613-5350-4DD7-B3E3-1732F464B6D7}.Release|x64.Build.0 = Release|x64
		{BB78A613-5350-4DD7-B3E3-1732F464B6D7}.Release|x86.ActiveCfg = Release|Win32
		{BB78A613-5350-4DD7-B3E3-1732F464B6D7}.Release|x86.Build.0 = Release|Win32
		{4062FCF2-1C29-4876-A768-8A7DF1395223}.Debug|x64.ActiveCfg = Debug|x64
		{4062FCF2-1C29-4876-A768-8A7DF1395223}.Debug|x64.Build.0 = Debug|x64
		{4062FCF2-1C29-4876-A768-8A7DF1395223}.Debug|x86.ActiveCfg = Debug|Win32
		{4062FCF2-1C29-4876-A768-8A7DF1395223}.Debug|x86.Build.0 = Debug|Win32
		{4062FCF2-1C29-4876-A768-8A7DF1395223}.Release|x64.ActiveCfg = Release|x64
		{4062FCF2-1C29-4876-A768-8A7DF1395223}.Release|x64.Build.0 = Release|x64
		{4062FCF2-1C29-4876-A768-8A7DF1395223}.Release|x86.ActiveCfg = Release|Win32
		{4062FCF2-1C29-4876-A768-8A7DF1395223}.Release|x86.Build.0 = Release|Win32
	EndGlobalSection
	GlobalSection(SolutionProperties) = preSolution
		HideSolutionNode = FALSE
	EndGlobalSection
	GlobalSection(ExtensibilityGlobals) = postSolution
		SolutionGuid = {0C2D6188-73B8-4144-A676-F58723202002}
	EndGlobalSection
EndGlobal
