
Microsoft Visual Studio Solution File, Format Version 12.00
# Visual Studio 15
VisualStudioVersion = 15.0.28010.2003
MinimumVisualStudioVersion = 10.0.40219.1
Project("{8BC9CEB8-8B4A-11D0-8D11-00A0C91BC942}") = "Ch03", "Ch03\Ch03.vcxproj", "{17037CF7-8F33-429C-A779-227108AD6D53}"
EndProject
Project("{8BC9CEB8-8B4A-11D0-8D11-00A0C91BC942}") = "ssearch1", "ssearch1\ssearch1.vcxproj", "{FE0F6ED8-A28D-40AB-BCE8-7C68DF970FEC}"
EndProject
Project("{8BC9CEB8-8B4A-11D0-8D11-00A0C91BC942}") = "ssearch2", "ssearch2\ssearch2.vcxproj", "{86DBB67A-DA82-4686-B316-7956FD99B138}"
EndProject
Project("{8BC9CEB8-8B4A-11D0-8D11-00A0C91BC942}") = "ssearch_sen", "ssearch_sen\ssearch_sen.vcxproj", "{81992F29-026B-4813-913A-C471069DCDA0}"
EndProject
Project("{8BC9CEB8-8B4A-11D0-8D11-00A0C91BC942}") = "bin_search", "bin_search\bin_search.vcxproj", "{772A549D-BEBB-47D1-B0FA-466C43F3C38C}"
EndProject
Project("{8BC9CEB8-8B4A-11D0-8D11-00A0C91BC942}") = "Q1", "Q1\Q1.vcxproj", "{E115BD39-558D-40C1-9E27-D8D0E10121B2}"
EndProject
Project("{8BC9CEB8-8B4A-11D0-8D11-00A0C91BC942}") = "Q2", "Q2\Q2.vcxproj", "{758234FC-D649-40A3-98EA-20A5963F13D2}"
EndProject
Project("{8BC9CEB8-8B4A-11D0-8D11-00A0C91BC942}") = "Q3", "Q3\Q3.vcxproj", "{BCA7A6B2-7700-42C8-92E8-E0083A8BC6E4}"
EndProject
Project("{8BC9CEB8-8B4A-11D0-8D11-00A0C91BC942}") = "Q4", "Q4\Q4.vcxproj", "{2D585715-2A2F-4DAA-9267-4256ABD91B2C}"
EndProject
Project("{8BC9CEB8-8B4A-11D0-8D11-00A0C91BC942}") = "Q5", "Q5\Q5.vcxproj", "{945DD091-BEDC-40FA-84BE-4D728E082133}"
EndProject
Global
	GlobalSection(SolutionConfigurationPlatforms) = preSolution
		Debug|x64 = Debug|x64
		Debug|x86 = Debug|x86
		Release|x64 = Release|x64
		Release|x86 = Release|x86
	EndGlobalSection
	GlobalSection(ProjectConfigurationPlatforms) = postSolution
		{17037CF7-8F33-429C-A779-227108AD6D53}.Debug|x64.ActiveCfg = Debug|x64
		{17037CF7-8F33-429C-A779-227108AD6D53}.Debug|x64.Build.0 = Debug|x64
		{17037CF7-8F33-429C-A779-227108AD6D53}.Debug|x86.ActiveCfg = Debug|Win32
		{17037CF7-8F33-429C-A779-227108AD6D53}.Debug|x86.Build.0 = Debug|Win32
		{17037CF7-8F33-429C-A779-227108AD6D53}.Release|x64.ActiveCfg = Release|x64
		{17037CF7-8F33-429C-A779-227108AD6D53}.Release|x64.Build.0 = Release|x64
		{17037CF7-8F33-429C-A779-227108AD6D53}.Release|x86.ActiveCfg = Release|Win32
		{17037CF7-8F33-429C-A779-227108AD6D53}.Release|x86.Build.0 = Release|Win32
		{FE0F6ED8-A28D-40AB-BCE8-7C68DF970FEC}.Debug|x64.ActiveCfg = Debug|x64
		{FE0F6ED8-A28D-40AB-BCE8-7C68DF970FEC}.Debug|x64.Build.0 = Debug|x64
		{FE0F6ED8-A28D-40AB-BCE8-7C68DF970FEC}.Debug|x86.ActiveCfg = Debug|Win32
		{FE0F6ED8-A28D-40AB-BCE8-7C68DF970FEC}.Debug|x86.Build.0 = Debug|Win32
		{FE0F6ED8-A28D-40AB-BCE8-7C68DF970FEC}.Release|x64.ActiveCfg = Release|x64
		{FE0F6ED8-A28D-40AB-BCE8-7C68DF970FEC}.Release|x64.Build.0 = Release|x64
		{FE0F6ED8-A28D-40AB-BCE8-7C68DF970FEC}.Release|x86.ActiveCfg = Release|Win32
		{FE0F6ED8-A28D-40AB-BCE8-7C68DF970FEC}.Release|x86.Build.0 = Release|Win32
		{86DBB67A-DA82-4686-B316-7956FD99B138}.Debug|x64.ActiveCfg = Debug|x64
		{86DBB67A-DA82-4686-B316-7956FD99B138}.Debug|x64.Build.0 = Debug|x64
		{86DBB67A-DA82-4686-B316-7956FD99B138}.Debug|x86.ActiveCfg = Debug|Win32
		{86DBB67A-DA82-4686-B316-7956FD99B138}.Debug|x86.Build.0 = Debug|Win32
		{86DBB67A-DA82-4686-B316-7956FD99B138}.Release|x64.ActiveCfg = Release|x64
		{86DBB67A-DA82-4686-B316-7956FD99B138}.Release|x64.Build.0 = Release|x64
		{86DBB67A-DA82-4686-B316-7956FD99B138}.Release|x86.ActiveCfg = Release|Win32
		{86DBB67A-DA82-4686-B316-7956FD99B138}.Release|x86.Build.0 = Release|Win32
		{81992F29-026B-4813-913A-C471069DCDA0}.Debug|x64.ActiveCfg = Debug|x64
		{81992F29-026B-4813-913A-C471069DCDA0}.Debug|x64.Build.0 = Debug|x64
		{81992F29-026B-4813-913A-C471069DCDA0}.Debug|x86.ActiveCfg = Debug|Win32
		{81992F29-026B-4813-913A-C471069DCDA0}.Debug|x86.Build.0 = Debug|Win32
		{81992F29-026B-4813-913A-C471069DCDA0}.Release|x64.ActiveCfg = Release|x64
		{81992F29-026B-4813-913A-C471069DCDA0}.Release|x64.Build.0 = Release|x64
		{81992F29-026B-4813-913A-C471069DCDA0}.Release|x86.ActiveCfg = Release|Win32
		{81992F29-026B-4813-913A-C471069DCDA0}.Release|x86.Build.0 = Release|Win32
		{772A549D-BEBB-47D1-B0FA-466C43F3C38C}.Debug|x64.ActiveCfg = Debug|x64
		{772A549D-BEBB-47D1-B0FA-466C43F3C38C}.Debug|x64.Build.0 = Debug|x64
		{772A549D-BEBB-47D1-B0FA-466C43F3C38C}.Debug|x86.ActiveCfg = Debug|Win32
		{772A549D-BEBB-47D1-B0FA-466C43F3C38C}.Debug|x86.Build.0 = Debug|Win32
		{772A549D-BEBB-47D1-B0FA-466C43F3C38C}.Release|x64.ActiveCfg = Release|x64
		{772A549D-BEBB-47D1-B0FA-466C43F3C38C}.Release|x64.Build.0 = Release|x64
		{772A549D-BEBB-47D1-B0FA-466C43F3C38C}.Release|x86.ActiveCfg = Release|Win32
		{772A549D-BEBB-47D1-B0FA-466C43F3C38C}.Release|x86.Build.0 = Release|Win32
		{E115BD39-558D-40C1-9E27-D8D0E10121B2}.Debug|x64.ActiveCfg = Debug|x64
		{E115BD39-558D-40C1-9E27-D8D0E10121B2}.Debug|x64.Build.0 = Debug|x64
		{E115BD39-558D-40C1-9E27-D8D0E10121B2}.Debug|x86.ActiveCfg = Debug|Win32
		{E115BD39-558D-40C1-9E27-D8D0E10121B2}.Debug|x86.Build.0 = Debug|Win32
		{E115BD39-558D-40C1-9E27-D8D0E10121B2}.Release|x64.ActiveCfg = Release|x64
		{E115BD39-558D-40C1-9E27-D8D0E10121B2}.Release|x64.Build.0 = Release|x64
		{E115BD39-558D-40C1-9E27-D8D0E10121B2}.Release|x86.ActiveCfg = Release|Win32
		{E115BD39-558D-40C1-9E27-D8D0E10121B2}.Release|x86.Build.0 = Release|Win32
		{758234FC-D649-40A3-98EA-20A5963F13D2}.Debug|x64.ActiveCfg = Debug|x64
		{758234FC-D649-40A3-98EA-20A5963F13D2}.Debug|x64.Build.0 = Debug|x64
		{758234FC-D649-40A3-98EA-20A5963F13D2}.Debug|x86.ActiveCfg = Debug|Win32
		{758234FC-D649-40A3-98EA-20A5963F13D2}.Debug|x86.Build.0 = Debug|Win32
		{758234FC-D649-40A3-98EA-20A5963F13D2}.Release|x64.ActiveCfg = Release|x64
		{758234FC-D649-40A3-98EA-20A5963F13D2}.Release|x64.Build.0 = Release|x64
		{758234FC-D649-40A3-98EA-20A5963F13D2}.Release|x86.ActiveCfg = Release|Win32
		{758234FC-D649-40A3-98EA-20A5963F13D2}.Release|x86.Build.0 = Release|Win32
		{BCA7A6B2-7700-42C8-92E8-E0083A8BC6E4}.Debug|x64.ActiveCfg = Debug|x64
		{BCA7A6B2-7700-42C8-92E8-E0083A8BC6E4}.Debug|x64.Build.0 = Debug|x64
		{BCA7A6B2-7700-42C8-92E8-E0083A8BC6E4}.Debug|x86.ActiveCfg = Debug|Win32
		{BCA7A6B2-7700-42C8-92E8-E0083A8BC6E4}.Debug|x86.Build.0 = Debug|Win32
		{BCA7A6B2-7700-42C8-92E8-E0083A8BC6E4}.Release|x64.ActiveCfg = Release|x64
		{BCA7A6B2-7700-42C8-92E8-E0083A8BC6E4}.Release|x64.Build.0 = Release|x64
		{BCA7A6B2-7700-42C8-92E8-E0083A8BC6E4}.Release|x86.ActiveCfg = Release|Win32
		{BCA7A6B2-7700-42C8-92E8-E0083A8BC6E4}.Release|x86.Build.0 = Release|Win32
		{2D585715-2A2F-4DAA-9267-4256ABD91B2C}.Debug|x64.ActiveCfg = Debug|x64
		{2D585715-2A2F-4DAA-9267-4256ABD91B2C}.Debug|x64.Build.0 = Debug|x64
		{2D585715-2A2F-4DAA-9267-4256ABD91B2C}.Debug|x86.ActiveCfg = Debug|Win32
		{2D585715-2A2F-4DAA-9267-4256ABD91B2C}.Debug|x86.Build.0 = Debug|Win32
		{2D585715-2A2F-4DAA-9267-4256ABD91B2C}.Release|x64.ActiveCfg = Release|x64
		{2D585715-2A2F-4DAA-9267-4256ABD91B2C}.Release|x64.Build.0 = Release|x64
		{2D585715-2A2F-4DAA-9267-4256ABD91B2C}.Release|x86.ActiveCfg = Release|Win32
		{2D585715-2A2F-4DAA-9267-4256ABD91B2C}.Release|x86.Build.0 = Release|Win32
		{945DD091-BEDC-40FA-84BE-4D728E082133}.Debug|x64.ActiveCfg = Debug|x64
		{945DD091-BEDC-40FA-84BE-4D728E082133}.Debug|x64.Build.0 = Debug|x64
		{945DD091-BEDC-40FA-84BE-4D728E082133}.Debug|x86.ActiveCfg = Debug|Win32
		{945DD091-BEDC-40FA-84BE-4D728E082133}.Debug|x86.Build.0 = Debug|Win32
		{945DD091-BEDC-40FA-84BE-4D728E082133}.Release|x64.ActiveCfg = Release|x64
		{945DD091-BEDC-40FA-84BE-4D728E082133}.Release|x64.Build.0 = Release|x64
		{945DD091-BEDC-40FA-84BE-4D728E082133}.Release|x86.ActiveCfg = Release|Win32
		{945DD091-BEDC-40FA-84BE-4D728E082133}.Release|x86.Build.0 = Release|Win32
	EndGlobalSection
	GlobalSection(SolutionProperties) = preSolution
		HideSolutionNode = FALSE
	EndGlobalSection
	GlobalSection(ExtensibilityGlobals) = postSolution
		SolutionGuid = {A4515B8C-CD40-4DD0-B2C0-881A4B1A63CD}
	EndGlobalSection
EndGlobal
