
Microsoft Visual Studio Solution File, Format Version 12.00
# Visual Studio 15
VisualStudioVersion = 15.0.27703.2026
MinimumVisualStudioVersion = 10.0.40219.1
Project("{8BC9CEB8-8B4A-11D0-8D11-00A0C91BC942}") = "Ch02", "Ch02\Ch02.vcxproj", "{280D6693-5147-40A4-AF07-80BA1B42D2FD}"
EndProject
Project("{8BC9CEB8-8B4A-11D0-8D11-00A0C91BC942}") = "rev_ary", "rev_ary\rev_ary.vcxproj", "{D822454D-8915-480D-8759-6195C5025EBE}"
EndProject
Project("{8BC9CEB8-8B4A-11D0-8D11-00A0C91BC942}") = "card_conv", "card_conv\card_conv.vcxproj", "{CEC661E1-A072-4D78-AADC-857BD373BC65}"
EndProject
Project("{8BC9CEB8-8B4A-11D0-8D11-00A0C91BC942}") = "Q1", "Q1\Q1.vcxproj", "{F64AED66-18DF-4BE3-B833-895A6827CCA5}"
EndProject
Project("{8BC9CEB8-8B4A-11D0-8D11-00A0C91BC942}") = "Q2", "Q2\Q2.vcxproj", "{C72D2629-EFD6-49FD-AD2D-F405D6B78239}"
EndProject
Project("{8BC9CEB8-8B4A-11D0-8D11-00A0C91BC942}") = "Q3", "Q3\Q3.vcxproj", "{9734F3F9-E379-4716-AADD-C10AEB492451}"
EndProject
Project("{8BC9CEB8-8B4A-11D0-8D11-00A0C91BC942}") = "Q4", "Q4\Q4.vcxproj", "{1E15224D-F25E-4A10-B72B-984F3EE7EFF3}"
EndProject
Project("{8BC9CEB8-8B4A-11D0-8D11-00A0C91BC942}") = "Q5", "Q5\Q5.vcxproj", "{E4E59F13-7D35-4D45-8DDE-AF84BA65C6D3}"
EndProject
Project("{8BC9CEB8-8B4A-11D0-8D11-00A0C91BC942}") = "Q6", "Q6\Q6.vcxproj", "{4DD41CA2-66CE-4D90-9AA8-2EA6B80CEC79}"
EndProject
Project("{8BC9CEB8-8B4A-11D0-8D11-00A0C91BC942}") = "Q7", "Q7\Q7.vcxproj", "{3AFA122D-1F80-4CFF-B420-35B8C660548E}"
EndProject
Project("{8BC9CEB8-8B4A-11D0-8D11-00A0C91BC942}") = "Q8", "Q8\Q8.vcxproj", "{5F489BA5-1324-4742-B1B6-7C8E599F2A19}"
EndProject
Project("{8BC9CEB8-8B4A-11D0-8D11-00A0C91BC942}") = "Q9", "Q9\Q9.vcxproj", "{DE84AD64-A2D6-4AD8-B414-E6B46777BE5A}"
EndProject
Project("{8BC9CEB8-8B4A-11D0-8D11-00A0C91BC942}") = "Q10", "Q10\Q10.vcxproj", "{8E2C108F-859E-4E08-9EEF-4150BBFD242D}"
EndProject
Global
	GlobalSection(SolutionConfigurationPlatforms) = preSolution
		Debug|x64 = Debug|x64
		Debug|x86 = Debug|x86
		Release|x64 = Release|x64
		Release|x86 = Release|x86
	EndGlobalSection
	GlobalSection(ProjectConfigurationPlatforms) = postSolution
		{280D6693-5147-40A4-AF07-80BA1B42D2FD}.Debug|x64.ActiveCfg = Debug|x64
		{280D6693-5147-40A4-AF07-80BA1B42D2FD}.Debug|x64.Build.0 = Debug|x64
		{280D6693-5147-40A4-AF07-80BA1B42D2FD}.Debug|x86.ActiveCfg = Debug|Win32
		{280D6693-5147-40A4-AF07-80BA1B42D2FD}.Debug|x86.Build.0 = Debug|Win32
		{280D6693-5147-40A4-AF07-80BA1B42D2FD}.Release|x64.ActiveCfg = Release|x64
		{280D6693-5147-40A4-AF07-80BA1B42D2FD}.Release|x64.Build.0 = Release|x64
		{280D6693-5147-40A4-AF07-80BA1B42D2FD}.Release|x86.ActiveCfg = Release|Win32
		{280D6693-5147-40A4-AF07-80BA1B42D2FD}.Release|x86.Build.0 = Release|Win32
		{D822454D-8915-480D-8759-6195C5025EBE}.Debug|x64.ActiveCfg = Debug|x64
		{D822454D-8915-480D-8759-6195C5025EBE}.Debug|x64.Build.0 = Debug|x64
		{D822454D-8915-480D-8759-6195C5025EBE}.Debug|x86.ActiveCfg = Debug|Win32
		{D822454D-8915-480D-8759-6195C5025EBE}.Debug|x86.Build.0 = Debug|Win32
		{D822454D-8915-480D-8759-6195C5025EBE}.Release|x64.ActiveCfg = Release|x64
		{D822454D-8915-480D-8759-6195C5025EBE}.Release|x64.Build.0 = Release|x64
		{D822454D-8915-480D-8759-6195C5025EBE}.Release|x86.ActiveCfg = Release|Win32
		{D822454D-8915-480D-8759-6195C5025EBE}.Release|x86.Build.0 = Release|Win32
		{CEC661E1-A072-4D78-AADC-857BD373BC65}.Debug|x64.ActiveCfg = Debug|x64
		{CEC661E1-A072-4D78-AADC-857BD373BC65}.Debug|x64.Build.0 = Debug|x64
		{CEC661E1-A072-4D78-AADC-857BD373BC65}.Debug|x86.ActiveCfg = Debug|Win32
		{CEC661E1-A072-4D78-AADC-857BD373BC65}.Debug|x86.Build.0 = Debug|Win32
		{CEC661E1-A072-4D78-AADC-857BD373BC65}.Release|x64.ActiveCfg = Release|x64
		{CEC661E1-A072-4D78-AADC-857BD373BC65}.Release|x64.Build.0 = Release|x64
		{CEC661E1-A072-4D78-AADC-857BD373BC65}.Release|x86.ActiveCfg = Release|Win32
		{CEC661E1-A072-4D78-AADC-857BD373BC65}.Release|x86.Build.0 = Release|Win32
		{F64AED66-18DF-4BE3-B833-895A6827CCA5}.Debug|x64.ActiveCfg = Debug|x64
		{F64AED66-18DF-4BE3-B833-895A6827CCA5}.Debug|x64.Build.0 = Debug|x64
		{F64AED66-18DF-4BE3-B833-895A6827CCA5}.Debug|x86.ActiveCfg = Debug|Win32
		{F64AED66-18DF-4BE3-B833-895A6827CCA5}.Debug|x86.Build.0 = Debug|Win32
		{F64AED66-18DF-4BE3-B833-895A6827CCA5}.Release|x64.ActiveCfg = Release|x64
		{F64AED66-18DF-4BE3-B833-895A6827CCA5}.Release|x64.Build.0 = Release|x64
		{F64AED66-18DF-4BE3-B833-895A6827CCA5}.Release|x86.ActiveCfg = Release|Win32
		{F64AED66-18DF-4BE3-B833-895A6827CCA5}.Release|x86.Build.0 = Release|Win32
		{C72D2629-EFD6-49FD-AD2D-F405D6B78239}.Debug|x64.ActiveCfg = Debug|x64
		{C72D2629-EFD6-49FD-AD2D-F405D6B78239}.Debug|x64.Build.0 = Debug|x64
		{C72D2629-EFD6-49FD-AD2D-F405D6B78239}.Debug|x86.ActiveCfg = Debug|Win32
		{C72D2629-EFD6-49FD-AD2D-F405D6B78239}.Debug|x86.Build.0 = Debug|Win32
		{C72D2629-EFD6-49FD-AD2D-F405D6B78239}.Release|x64.ActiveCfg = Release|x64
		{C72D2629-EFD6-49FD-AD2D-F405D6B78239}.Release|x64.Build.0 = Release|x64
		{C72D2629-EFD6-49FD-AD2D-F405D6B78239}.Release|x86.ActiveCfg = Release|Win32
		{C72D2629-EFD6-49FD-AD2D-F405D6B78239}.Release|x86.Build.0 = Release|Win32
		{9734F3F9-E379-4716-AADD-C10AEB492451}.Debug|x64.ActiveCfg = Debug|x64
		{9734F3F9-E379-4716-AADD-C10AEB492451}.Debug|x64.Build.0 = Debug|x64
		{9734F3F9-E379-4716-AADD-C10AEB492451}.Debug|x86.ActiveCfg = Debug|Win32
		{9734F3F9-E379-4716-AADD-C10AEB492451}.Debug|x86.Build.0 = Debug|Win32
		{9734F3F9-E379-4716-AADD-C10AEB492451}.Release|x64.ActiveCfg = Release|x64
		{9734F3F9-E379-4716-AADD-C10AEB492451}.Release|x64.Build.0 = Release|x64
		{9734F3F9-E379-4716-AADD-C10AEB492451}.Release|x86.ActiveCfg = Release|Win32
		{9734F3F9-E379-4716-AADD-C10AEB492451}.Release|x86.Build.0 = Release|Win32
		{1E15224D-F25E-4A10-B72B-984F3EE7EFF3}.Debug|x64.ActiveCfg = Debug|x64
		{1E15224D-F25E-4A10-B72B-984F3EE7EFF3}.Debug|x64.Build.0 = Debug|x64
		{1E15224D-F25E-4A10-B72B-984F3EE7EFF3}.Debug|x86.ActiveCfg = Debug|Win32
		{1E15224D-F25E-4A10-B72B-984F3EE7EFF3}.Debug|x86.Build.0 = Debug|Win32
		{1E15224D-F25E-4A10-B72B-984F3EE7EFF3}.Release|x64.ActiveCfg = Release|x64
		{1E15224D-F25E-4A10-B72B-984F3EE7EFF3}.Release|x64.Build.0 = Release|x64
		{1E15224D-F25E-4A10-B72B-984F3EE7EFF3}.Release|x86.ActiveCfg = Release|Win32
		{1E15224D-F25E-4A10-B72B-984F3EE7EFF3}.Release|x86.Build.0 = Release|Win32
		{E4E59F13-7D35-4D45-8DDE-AF84BA65C6D3}.Debug|x64.ActiveCfg = Debug|x64
		{E4E59F13-7D35-4D45-8DDE-AF84BA65C6D3}.Debug|x64.Build.0 = Debug|x64
		{E4E59F13-7D35-4D45-8DDE-AF84BA65C6D3}.Debug|x86.ActiveCfg = Debug|Win32
		{E4E59F13-7D35-4D45-8DDE-AF84BA65C6D3}.Debug|x86.Build.0 = Debug|Win32
		{E4E59F13-7D35-4D45-8DDE-AF84BA65C6D3}.Release|x64.ActiveCfg = Release|x64
		{E4E59F13-7D35-4D45-8DDE-AF84BA65C6D3}.Release|x64.Build.0 = Release|x64
		{E4E59F13-7D35-4D45-8DDE-AF84BA65C6D3}.Release|x86.ActiveCfg = Release|Win32
		{E4E59F13-7D35-4D45-8DDE-AF84BA65C6D3}.Release|x86.Build.0 = Release|Win32
		{4DD41CA2-66CE-4D90-9AA8-2EA6B80CEC79}.Debug|x64.ActiveCfg = Debug|x64
		{4DD41CA2-66CE-4D90-9AA8-2EA6B80CEC79}.Debug|x64.Build.0 = Debug|x64
		{4DD41CA2-66CE-4D90-9AA8-2EA6B80CEC79}.Debug|x86.ActiveCfg = Debug|Win32
		{4DD41CA2-66CE-4D90-9AA8-2EA6B80CEC79}.Debug|x86.Build.0 = Debug|Win32
		{4DD41CA2-66CE-4D90-9AA8-2EA6B80CEC79}.Release|x64.ActiveCfg = Release|x64
		{4DD41CA2-66CE-4D90-9AA8-2EA6B80CEC79}.Release|x64.Build.0 = Release|x64
		{4DD41CA2-66CE-4D90-9AA8-2EA6B80CEC79}.Release|x86.ActiveCfg = Release|Win32
		{4DD41CA2-66CE-4D90-9AA8-2EA6B80CEC79}.Release|x86.Build.0 = Release|Win32
		{3AFA122D-1F80-4CFF-B420-35B8C660548E}.Debug|x64.ActiveCfg = Debug|x64
		{3AFA122D-1F80-4CFF-B420-35B8C660548E}.Debug|x64.Build.0 = Debug|x64
		{3AFA122D-1F80-4CFF-B420-35B8C660548E}.Debug|x86.ActiveCfg = Debug|Win32
		{3AFA122D-1F80-4CFF-B420-35B8C660548E}.Debug|x86.Build.0 = Debug|Win32
		{3AFA122D-1F80-4CFF-B420-35B8C660548E}.Release|x64.ActiveCfg = Release|x64
		{3AFA122D-1F80-4CFF-B420-35B8C660548E}.Release|x64.Build.0 = Release|x64
		{3AFA122D-1F80-4CFF-B420-35B8C660548E}.Release|x86.ActiveCfg = Release|Win32
		{3AFA122D-1F80-4CFF-B420-35B8C660548E}.Release|x86.Build.0 = Release|Win32
		{5F489BA5-1324-4742-B1B6-7C8E599F2A19}.Debug|x64.ActiveCfg = Debug|x64
		{5F489BA5-1324-4742-B1B6-7C8E599F2A19}.Debug|x64.Build.0 = Debug|x64
		{5F489BA5-1324-4742-B1B6-7C8E599F2A19}.Debug|x86.ActiveCfg = Debug|Win32
		{5F489BA5-1324-4742-B1B6-7C8E599F2A19}.Debug|x86.Build.0 = Debug|Win32
		{5F489BA5-1324-4742-B1B6-7C8E599F2A19}.Release|x64.ActiveCfg = Release|x64
		{5F489BA5-1324-4742-B1B6-7C8E599F2A19}.Release|x64.Build.0 = Release|x64
		{5F489BA5-1324-4742-B1B6-7C8E599F2A19}.Release|x86.ActiveCfg = Release|Win32
		{5F489BA5-1324-4742-B1B6-7C8E599F2A19}.Release|x86.Build.0 = Release|Win32
		{DE84AD64-A2D6-4AD8-B414-E6B46777BE5A}.Debug|x64.ActiveCfg = Debug|x64
		{DE84AD64-A2D6-4AD8-B414-E6B46777BE5A}.Debug|x64.Build.0 = Debug|x64
		{DE84AD64-A2D6-4AD8-B414-E6B46777BE5A}.Debug|x86.ActiveCfg = Debug|Win32
		{DE84AD64-A2D6-4AD8-B414-E6B46777BE5A}.Debug|x86.Build.0 = Debug|Win32
		{DE84AD64-A2D6-4AD8-B414-E6B46777BE5A}.Release|x64.ActiveCfg = Release|x64
		{DE84AD64-A2D6-4AD8-B414-E6B46777BE5A}.Release|x64.Build.0 = Release|x64
		{DE84AD64-A2D6-4AD8-B414-E6B46777BE5A}.Release|x86.ActiveCfg = Release|Win32
		{DE84AD64-A2D6-4AD8-B414-E6B46777BE5A}.Release|x86.Build.0 = Release|Win32
		{8E2C108F-859E-4E08-9EEF-4150BBFD242D}.Debug|x64.ActiveCfg = Debug|x64
		{8E2C108F-859E-4E08-9EEF-4150BBFD242D}.Debug|x64.Build.0 = Debug|x64
		{8E2C108F-859E-4E08-9EEF-4150BBFD242D}.Debug|x86.ActiveCfg = Debug|Win32
		{8E2C108F-859E-4E08-9EEF-4150BBFD242D}.Debug|x86.Build.0 = Debug|Win32
		{8E2C108F-859E-4E08-9EEF-4150BBFD242D}.Release|x64.ActiveCfg = Release|x64
		{8E2C108F-859E-4E08-9EEF-4150BBFD242D}.Release|x64.Build.0 = Release|x64
		{8E2C108F-859E-4E08-9EEF-4150BBFD242D}.Release|x86.ActiveCfg = Release|Win32
		{8E2C108F-859E-4E08-9EEF-4150BBFD242D}.Release|x86.Build.0 = Release|Win32
	EndGlobalSection
	GlobalSection(SolutionProperties) = preSolution
		HideSolutionNode = FALSE
	EndGlobalSection
	GlobalSection(ExtensibilityGlobals) = postSolution
		SolutionGuid = {16254D39-5BB1-49EF-9CB6-4D073B46D140}
	EndGlobalSection
EndGlobal
